schema: '2.0'
stages:
  prepare:
    cmd: python -m src.data
    deps:
    - path: configs/config.yaml
      hash: md5
      md5: 2a73993a796f1ed0f42782f89faaf99e
      size: 891
    - path: data/raw/data.csv
      hash: md5
      md5: bf3703e9cb8cab6bdb417738fb83c13a
      size: 95580
    - path: src/data.py
      hash: md5
      md5: 2f58fcde3cabf94e58c4fc7c90bdb6e2
      size: 3852
    - path: src/paths.py
      hash: md5
      md5: 92b0322c46ae669fa031c717f8fab06c
      size: 1097
    outs:
    - path: data/processed/test.parquet
      hash: md5
      md5: 0b4e0d1f75e811dff55bed4253cf4192
      size: 11334
    - path: data/processed/train.parquet
      hash: md5
      md5: 08742a1520bc970e263713e29f161873
      size: 18770
  train:
    cmd: python -m src.train
    deps:
    - path: configs/config.yaml
      hash: md5
      md5: 2a73993a796f1ed0f42782f89faaf99e
      size: 891
    - path: data/processed/test.parquet
      hash: md5
      md5: 0b4e0d1f75e811dff55bed4253cf4192
      size: 11334
    - path: data/processed/train.parquet
      hash: md5
      md5: 08742a1520bc970e263713e29f161873
      size: 18770
    - path: src/data.py
      hash: md5
      md5: 2f58fcde3cabf94e58c4fc7c90bdb6e2
      size: 3852
    - path: src/paths.py
      hash: md5
      md5: 92b0322c46ae669fa031c717f8fab06c
      size: 1097
    - path: src/train.py
      hash: md5
      md5: 209c7ce96cf7313f482505aae45fb71a
      size: 7447
    outs:
    - path: models/model.pkl
      hash: md5
      md5: 392123d40d9a2ac79e9c1129bbb817c9
      size: 738417
